# This file is automatically @generated by Cargo.
# It is not intended for manual editing.
version = 4

[[package]]
name = "asic-rs"
version = "0.1.0"
dependencies = [
 "macaddr",
 "measurements",
]

[[package]]
name = "libm"
version = "0.2.11"
source = "registry+https://github.com/rust-lang/crates.io-index"
checksum = "8355be11b20d696c8f18f6cc018c4e372165b1fa8126cef092399c9951984ffa"

[[package]]
name = "macaddr"
version = "1.0.1"
source = "registry+https://github.com/rust-lang/crates.io-index"
checksum = "baee0bbc17ce759db233beb01648088061bf678383130602a298e6998eedb2d8"

[[package]]
name = "measurements"
version = "0.11.0"
source = "registry+https://github.com/rust-lang/crates.io-index"
checksum = "f5b734b4e8187ea5777bc29c086f0970a27d8de42061b48f5af32cafc0ca904b"
dependencies = [
 "libm",
]
